
Microsoft Visual Studio Solution File, Format Version 12.00
# Visual Studio Version 17
VisualStudioVersion = 17.11.35312.102
MinimumVisualStudioVersion = 10.0.40219.1
Project("{FAE04EC0-301F-11D3-BF4B-00C04F79EFBC}") = "PokeServer", "PokeServer.csproj", "{9232D4D9-370E-488B-910A-EB257AD8DD72}"
EndProject
Global
	GlobalSection(SolutionConfigurationPlatforms) = preSolution
		Debug|Any CPU = Debug|Any CPU
		Release|Any CPU = Release|Any CPU
	EndGlobalSection
	GlobalSection(ProjectConfigurationPlatforms) = postSolution
		{9232D4D9-370E-488B-910A-EB257AD8DD72}.Debug|Any CPU.ActiveCfg = Debug|Any CPU
		{9232D4D9-370E-488B-910A-EB257AD8DD72}.Debug|Any CPU.Build.0 = Debug|Any CPU
		{9232D4D9-370E-488B-910A-EB257AD8DD72}.Release|Any CPU.ActiveCfg = Release|Any CPU
		{9232D4D9-370E-488B-910A-EB257AD8DD72}.Release|Any CPU.Build.0 = Release|Any CPU
	EndGlobalSection
	GlobalSection(SolutionProperties) = preSolution
		HideSolutionNode = FALSE
	EndGlobalSection
	GlobalSection(ExtensibilityGlobals) = postSolution
		SolutionGuid = {51154F44-372F-411F-88FC-DE68805EE1F5}
	EndGlobalSection
EndGlobal
